// !$*UTF8*$!
{
	archiveVersion = 1;
	classes = {
	};
	objectVersion = 56;
	objects = {

/* Begin PBXBuildFile section */
		A76648902B595E3700E10C6F /* AppDelegate.swift in Sources */ = {isa = PBXBuildFile; fileRef = A766488F2B595E3700E10C6F /* AppDelegate.swift */; };
		A76648922B595E3700E10C6F /* SceneDelegate.swift in Sources */ = {isa = PBXBuildFile; fileRef = A76648912B595E3700E10C6F /* SceneDelegate.swift */; };
		A76648942B595E3700E10C6F /* ViewController.swift in Sources */ = {isa = PBXBuildFile; fileRef = A76648932B595E3700E10C6F /* ViewController.swift */; };
		A76648992B595E3800E10C6F /* Assets.xcassets in Resources */ = {isa = PBXBuildFile; fileRef = A76648982B595E3800E10C6F /* Assets.xcassets */; };
		A766489C2B595E3800E10C6F /* LaunchScreen.storyboard in Resources */ = {isa = PBXBuildFile; fileRef = A766489A2B595E3800E10C6F /* LaunchScreen.storyboard */; };
		A76648A72B595E3800E10C6F /* HWgesturegameTests.swift in Sources */ = {isa = PBXBuildFile; fileRef = A76648A62B595E3800E10C6F /* HWgesturegameTests.swift */; };
		A76648B12B595E3800E10C6F /* HWgesturegameUITests.swift in Sources */ = {isa = PBXBuildFile; fileRef = A76648B02B595E3800E10C6F /* HWgesturegameUITests.swift */; };
		A76648B32B595E3800E10C6F /* HWgesturegameUITestsLaunchTests.swift in Sources */ = {isa = PBXBuildFile; fileRef = A76648B22B595E3800E10C6F /* HWgesturegameUITestsLaunchTests.swift */; };
/* End PBXBuildFile section */

/* Begin PBXContainerItemProxy section */
		A76648A32B595E3800E10C6F /* PBXContainerItemProxy */ = {
			isa = PBXContainerItemProxy;
			containerPortal = A76648842B595E3700E10C6F /* Project object */;
			proxyType = 1;
			remoteGlobalIDString = A766488B2B595E3700E10C6F;
			remoteInfo = HWgesturegame;
		};
		A76648AD2B595E3800E10C6F /* PBXContainerItemProxy */ = {
			isa = PBXContainerItemProxy;
			containerPortal = A76648842B595E3700E10C6F /* Project object */;
			proxyType = 1;
			remoteGlobalIDString = A766488B2B595E3700E10C6F;
			remoteInfo = HWgesturegame;
		};
/* End PBXContainerItemProxy section */

/* Begin PBXFileReference section */
		A766488C2B595E3700E10C6F /* HWgesturegame.app */ = {isa = PBXFileReference; explicitFileType = wrapper.application; includeInIndex = 0; path = HWgesturegame.app; sourceTree = BUILT_PRODUCTS_DIR; };
		A766488F2B595E3700E10C6F /* AppDelegate.swift */ = {isa = PBXFileReference; lastKnownFileType = sourcecode.swift; path = AppDelegate.swift; sourceTree = "<group>"; };
		A76648912B595E3700E10C6F /* SceneDelegate.swift */ = {isa = PBXFileReference; lastKnownFileType = sourcecode.swift; path = SceneDelegate.swift; sourceTree = "<group>"; };
		A76648932B595E3700E10C6F /* ViewController.swift */ = {isa = PBXFileReference; lastKnownFileType = sourcecode.swift; path = ViewController.swift; sourceTree = "<group>"; };
		A76648982B595E3800E10C6F /* Assets.xcassets */ = {isa = PBXFileReference; lastKnownFileType = folder.assetcatalog; path = Assets.xcassets; sourceTree = "<group>"; };
		A766489B2B595E3800E10C6F /* Base */ = {isa = PBXFileReference; lastKnownFileType = file.storyboard; name = Base; path = Base.lproj/LaunchScreen.storyboard; sourceTree = "<group>"; };
		A766489D2B595E3800E10C6F /* Info.plist */ = {isa = PBXFileReference; lastKnownFileType = text.plist.xml; path = Info.plist; sourceTree = "<group>"; };
		A76648A22B595E3800E10C6F /* HWgesturegameTests.xctest */ = {isa = PBXFileReference; explicitFileType = wrapper.cfbundle; includeInIndex = 0; path = HWgesturegameTests.xctest; sourceTree = BUILT_PRODUCTS_DIR; };
		A76648A62B595E3800E10C6F /* HWgesturegameTests.swift */ = {isa = PBXFileReference; lastKnownFileType = sourcecode.swift; path = HWgesturegameTests.swift; sourceTree = "<group>"; };
		A76648AC2B595E3800E10C6F /* HWgesturegameUITests.xctest */ = {isa = PBXFileReference; explicitFileType = wrapper.cfbundle; includeInIndex = 0; path = HWgesturegameUITests.xctest; sourceTree = BUILT_PRODUCTS_DIR; };
		A76648B02B595E3800E10C6F /* HWgesturegameUITests.swift */ = {isa = PBXFileReference; lastKnownFileType = sourcecode.swift; path = HWgesturegameUITests.swift; sourceTree = "<group>"; };
		A76648B22B595E3800E10C6F /* HWgesturegameUITestsLaunchTests.swift */ = {isa = PBXFileReference; lastKnownFileType = sourcecode.swift; path = HWgesturegameUITestsLaunchTests.swift; sourceTree = "<group>"; };
/* End PBXFileReference section */

/* Begin PBXFrameworksBuildPhase section */
		A76648892B595E3700E10C6F /* Frameworks */ = {
			isa = PBXFrameworksBuildPhase;
			buildActionMask = 2147483647;
			files = (
			);
			runOnlyForDeploymentPostprocessing = 0;
		};
		A766489F2B595E3800E10C6F /* Frameworks */ = {
			isa = PBXFrameworksBuildPhase;
			buildActionMask = 2147483647;
			files = (
			);
			runOnlyForDeploymentPostprocessing = 0;
		};
		A76648A92B595E3800E10C6F /* Frameworks */ = {
			isa = PBXFrameworksBuildPhase;
			buildActionMask = 2147483647;
			files = (
			);
			runOnlyForDeploymentPostprocessing = 0;
		};
/* End PBXFrameworksBuildPhase section */

/* Begin PBXGroup section */
		A76648832B595E3700E10C6F = {
			isa = PBXGroup;
			children = (
				A766488E2B595E3700E10C6F /* HWgesturegame */,
				A76648A52B595E3800E10C6F /* HWgesturegameTests */,
				A76648AF2B595E3800E10C6F /* HWgesturegameUITests */,
				A766488D2B595E3700E10C6F /* Products */,
			);
			sourceTree = "<group>";
		};
		A766488D2B595E3700E10C6F /* Products */ = {
			isa = PBXGroup;
			children = (
				A766488C2B595E3700E10C6F /* HWgesturegame.app */,
				A76648A22B595E3800E10C6F /* HWgesturegameTests.xctest */,
				A76648AC2B595E3800E10C6F /* HWgesturegameUITests.xctest */,
			);
			name = Products;
			sourceTree = "<group>";
		};
		A766488E2B595E3700E10C6F /* HWgesturegame */ = {
			isa = PBXGroup;
			children = (
				A766488F2B595E3700E10C6F /* AppDelegate.swift */,
				A76648912B595E3700E10C6F /* SceneDelegate.swift */,
				A76648932B595E3700E10C6F /* ViewController.swift */,
				A76648982B595E3800E10C6F /* Assets.xcassets */,
				A766489A2B595E3800E10C6F /* LaunchScreen.storyboard */,
				A766489D2B595E3800E10C6F /* Info.plist */,
			);
			path = HWgesturegame;
			sourceTree = "<group>";
		};
		A76648A52B595E3800E10C6F /* HWgesturegameTests */ = {
			isa = PBXGroup;
			children = (
				A76648A62B595E3800E10C6F /* HWgesturegameTests.swift */,
			);
			path = HWgesturegameTests;
			sourceTree = "<group>";
		};
		A76648AF2B595E3800E10C6F /* HWgesturegameUITests */ = {
			isa = PBXGroup;
			children = (
				A76648B02B595E3800E10C6F /* HWgesturegameUITests.swift */,
				A76648B22B595E3800E10C6F /* HWgesturegameUITestsLaunchTests.swift */,
			);
			path = HWgesturegameUITests;
			sourceTree = "<group>";
		};
/* End PBXGroup section */

/* Begin PBXNativeTarget section */
		A766488B2B595E3700E10C6F /* HWgesturegame */ = {
			isa = PBXNativeTarget;
			buildConfigurationList = A76648B62B595E3800E10C6F /* Build configuration list for PBXNativeTarget "HWgesturegame" */;
			buildPhases = (
				A76648882B595E3700E10C6F /* Sources */,
				A76648892B595E3700E10C6F /* Frameworks */,
				A766488A2B595E3700E10C6F /* Resources */,
			);
			buildRules = (
			);
			dependencies = (
			);
			name = HWgesturegame;
			productName = HWgesturegame;
			productReference = A766488C2B595E3700E10C6F /* HWgesturegame.app */;
			productType = "com.apple.product-type.application";
		};
		A76648A12B595E3800E10C6F /* HWgesturegameTests */ = {
			isa = PBXNativeTarget;
			buildConfigurationList = A76648B92B595E3800E10C6F /* Build configuration list for PBXNativeTarget "HWgesturegameTests" */;
			buildPhases = (
				A766489E2B595E3800E10C6F /* Sources */,
				A766489F2B595E3800E10C6F /* Frameworks */,
				A76648A02B595E3800E10C6F /* Resources */,
			);
			buildRules = (
			);
			dependencies = (
				A76648A42B595E3800E10C6F /* PBXTargetDependency */,
			);
			name = HWgesturegameTests;
			productName = HWgesturegameTests;
			productReference = A76648A22B595E3800E10C6F /* HWgesturegameTests.xctest */;
			productType = "com.apple.product-type.bundle.unit-test";
		};
		A76648AB2B595E3800E10C6F /* HWgesturegameUITests */ = {
			isa = PBXNativeTarget;
			buildConfigurationList = A76648BC2B595E3800E10C6F /* Build configuration list for PBXNativeTarget "HWgesturegameUITests" */;
			buildPhases = (
				A76648A82B595E3800E10C6F /* Sources */,
				A76648A92B595E3800E10C6F /* Frameworks */,
				A76648AA2B595E3800E10C6F /* Resources */,
			);
			buildRules = (
			);
			dependencies = (
				A76648AE2B595E3800E10C6F /* PBXTargetDependency */,
			);
			name = HWgesturegameUITests;
			productName = HWgesturegameUITests;
			productReference = A76648AC2B595E3800E10C6F /* HWgesturegameUITests.xctest */;
			productType = "com.apple.product-type.bundle.ui-testing";
		};
/* End PBXNativeTarget section */

/* Begin PBXProject section */
		A76648842B595E3700E10C6F /* Project object */ = {
			isa = PBXProject;
			attributes = {
				BuildIndependentTargetsInParallel = 1;
				LastSwiftUpdateCheck = 1500;
				LastUpgradeCheck = 1500;
				TargetAttributes = {
					A766488B2B595E3700E10C6F = {
						CreatedOnToolsVersion = 15.0.1;
					};
					A76648A12B595E3800E10C6F = {
						CreatedOnToolsVersion = 15.0.1;
						TestTargetID = A766488B2B595E3700E10C6F;
					};
					A76648AB2B595E3800E10C6F = {
						CreatedOnToolsVersion = 15.0.1;
						TestTargetID = A766488B2B595E3700E10C6F;
					};
				};
			};
			buildConfigurationList = A76648872B595E3700E10C6F /* Build configuration list for PBXProject "HWgesturegame" */;
			compatibilityVersion = "Xcode 14.0";
			developmentRegion = en;
			hasScannedForEncodings = 0;
			knownRegions = (
				en,
				Base,
			);
			mainGroup = A76648832B595E3700E10C6F;
			productRefGroup = A766488D2B595E3700E10C6F /* Products */;
			projectDirPath = "";
			projectRoot = "";
			targets = (
				A766488B2B595E3700E10C6F /* HWgesturegame */,
				A76648A12B595E3800E10C6F /* HWgesturegameTests */,
				A76648AB2B595E3800E10C6F /* HWgesturegameUITests */,
			);
		};
/* End PBXProject section */

/* Begin PBXResourcesBuildPhase section */
		A766488A2B595E3700E10C6F /* Resources */ = {
			isa = PBXResourcesBuildPhase;
			buildActionMask = 2147483647;
			files = (
				A766489C2B595E3800E10C6F /* LaunchScreen.storyboard in Resources */,
				A76648992B595E3800E10C6F /* Assets.xcassets in Resources */,
			);
			runOnlyForDeploymentPostprocessing = 0;
		};
		A76648A02B595E3800E10C6F /* Resources */ = {
			isa = PBXResourcesBuildPhase;
			buildActionMask = 2147483647;
			files = (
			);
			runOnlyForDeploymentPostprocessing = 0;
		};
		A76648AA2B595E3800E10C6F /* Resources */ = {
			isa = PBXResourcesBuildPhase;
			buildActionMask = 2147483647;
			files = (
			);
			runOnlyForDeploymentPostprocessing = 0;
		};
/* End PBXResourcesBuildPhase section */

/* Begin PBXSourcesBuildPhase section */
		A76648882B595E3700E10C6F /* Sources */ = {
			isa = PBXSourcesBuildPhase;
			buildActionMask = 2147483647;
			files = (
				A76648942B595E3700E10C6F /* ViewController.swift in Sources */,
				A76648902B595E3700E10C6F /* AppDelegate.swift in Sources */,
				A76648922B595E3700E10C6F /* SceneDelegate.swift in Sources */,
			);
			runOnlyForDeploymentPostprocessing = 0;
		};
		A766489E2B595E3800E10C6F /* Sources */ = {
			isa = PBXSourcesBuildPhase;
			buildActionMask = 2147483647;
			files = (
				A76648A72B595E3800E10C6F /* HWgesturegameTests.swift in Sources */,
			);
			runOnlyForDeploymentPostprocessing = 0;
		};
		A76648A82B595E3800E10C6F /* Sources */ = {
			isa = PBXSourcesBuildPhase;
			buildActionMask = 2147483647;
			files = (
				A76648B12B595E3800E10C6F /* HWgesturegameUITests.swift in Sources */,
				A76648B32B595E3800E10C6F /* HWgesturegameUITestsLaunchTests.swift in Sources */,
			);
			runOnlyForDeploymentPostprocessing = 0;
		};
/* End PBXSourcesBuildPhase section */

/* Begin PBXTargetDependency section */
		A76648A42B595E3800E10C6F /* PBXTargetDependency */ = {
			isa = PBXTargetDependency;
			target = A766488B2B595E3700E10C6F /* HWgesturegame */;
			targetProxy = A76648A32B595E3800E10C6F /* PBXContainerItemProxy */;
		};
		A76648AE2B595E3800E10C6F /* PBXTargetDependency */ = {
			isa = PBXTargetDependency;
			target = A766488B2B595E3700E10C6F /* HWgesturegame */;
			targetProxy = A76648AD2B595E3800E10C6F /* PBXContainerItemProxy */;
		};
/* End PBXTargetDependency section */

/* Begin PBXVariantGroup section */
		A766489A2B595E3800E10C6F /* LaunchScreen.storyboard */ = {
			isa = PBXVariantGroup;
			children = (
				A766489B2B595E3800E10C6F /* Base */,
			);
			name = LaunchScreen.storyboard;
			sourceTree = "<group>";
		};
/* End PBXVariantGroup section */

/* Begin XCBuildConfiguration section */
		A76648B42B595E3800E10C6F /* Debug */ = {
			isa = XCBuildConfiguration;
			buildSettings = {
				ALWAYS_SEARCH_USER_PATHS = NO;
				ASSETCATALOG_COMPILER_GENERATE_SWIFT_ASSET_SYMBOL_EXTENSIONS = YES;
				CLANG_ANALYZER_NONNULL = YES;
				CLANG_ANALYZER_NUMBER_OBJECT_CONVERSION = YES_AGGRESSIVE;
				CLANG_CXX_LANGUAGE_STANDARD = "gnu++20";
				CLANG_ENABLE_MODULES = YES;
				CLANG_ENABLE_OBJC_ARC = YES;
				CLANG_ENABLE_OBJC_WEAK = YES;
				CLANG_WARN_BLOCK_CAPTURE_AUTORELEASING = YES;
				CLANG_WARN_BOOL_CONVERSION = YES;
				CLANG_WARN_COMMA = YES;
				CLANG_WARN_CONSTANT_CONVERSION = YES;
				CLANG_WARN_DEPRECATED_OBJC_IMPLEMENTATIONS = YES;
				CLANG_WARN_DIRECT_OBJC_ISA_USAGE = YES_ERROR;
				CLANG_WARN_DOCUMENTATION_COMMENTS = YES;
				CLANG_WARN_EMPTY_BODY = YES;
				CLANG_WARN_ENUM_CONVERSION = YES;
				CLANG_WARN_INFINITE_RECURSION = YES;
				CLANG_WARN_INT_CONVERSION = YES;
				CLANG_WARN_NON_LITERAL_NULL_CONVERSION = YES;
				CLANG_WARN_OBJC_IMPLICIT_RETAIN_SELF = YES;
				CLANG_WARN_OBJC_LITERAL_CONVERSION = YES;
				CLANG_WARN_OBJC_ROOT_CLASS = YES_ERROR;
				CLANG_WARN_QUOTED_INCLUDE_IN_FRAMEWORK_HEADER = YES;
				CLANG_WARN_RANGE_LOOP_ANALYSIS = YES;
				CLANG_WARN_STRICT_PROTOTYPES = YES;
				CLANG_WARN_SUSPICIOUS_MOVE = YES;
				CLANG_WARN_UNGUARDED_AVAILABILITY = YES_AGGRESSIVE;
				CLANG_WARN_UNREACHABLE_CODE = YES;
				CLANG_WARN__DUPLICATE_METHOD_MATCH = YES;
				COPY_PHASE_STRIP = NO;
				DEBUG_INFORMATION_FORMAT = dwarf;
				ENABLE_STRICT_OBJC_MSGSEND = YES;
				ENABLE_TESTABILITY = YES;
				ENABLE_USER_SCRIPT_SANDBOXING = YES;
				GCC_C_LANGUAGE_STANDARD = gnu17;
				GCC_DYNAMIC_NO_PIC = NO;
				GCC_NO_COMMON_BLOCKS = YES;
				GCC_OPTIMIZATION_LEVEL = 0;
				GCC_PREPROCESSOR_DEFINITIONS = (
					"DEBUG=1",
					"$(inherited)",
				);
				GCC_WARN_64_TO_32_BIT_CONVERSION = YES;
				GCC_WARN_ABOUT_RETURN_TYPE = YES_ERROR;
				GCC_WARN_UNDECLARED_SELECTOR = YES;
				GCC_WARN_UNINITIALIZED_AUTOS = YES_AGGRESSIVE;
				GCC_WARN_UNUSED_FUNCTION = YES;
				GCC_WARN_UNUSED_VARIABLE = YES;
				IPHONEOS_DEPLOYMENT_TARGET = 17.0;
				LOCALIZATION_PREFERS_STRING_CATALOGS = YES;
				MTL_ENABLE_DEBUG_INFO = INCLUDE_SOURCE;
				MTL_FAST_MATH = YES;
				ONLY_ACTIVE_ARCH = YES;
				SDKROOT = iphoneos;
				SWIFT_ACTIVE_COMPILATION_CONDITIONS = "DEBUG $(inherited)";
				SWIFT_OPTIMIZATION_LEVEL = "-Onone";
			};
			name = Debug;
		};
		A76648B52B595E3800E10C6F /* Release */ = {
			isa = XCBuildConfiguration;
			buildSettings = {
				ALWAYS_SEARCH_USER_PATHS = NO;
				ASSETCATALOG_COMPILER_GENERATE_SWIFT_ASSET_SYMBOL_EXTENSIONS = YES;
				CLANG_ANALYZER_NONNULL = YES;
				CLANG_ANALYZER_NUMBER_OBJECT_CONVERSION = YES_AGGRESSIVE;
				CLANG_CXX_LANGUAGE_STANDARD = "gnu++20";
				CLANG_ENABLE_MODULES = YES;
				CLANG_ENABLE_OBJC_ARC = YES;
				CLANG_ENABLE_OBJC_WEAK = YES;
				CLANG_WARN_BLOCK_CAPTURE_AUTORELEASING = YES;
				CLANG_WARN_BOOL_CONVERSION = YES;
				CLANG_WARN_COMMA = YES;
				CLANG_WARN_CONSTANT_CONVERSION = YES;
				CLANG_WARN_DEPRECATED_OBJC_IMPLEMENTATIONS = YES;
				CLANG_WARN_DIRECT_OBJC_ISA_USAGE = YES_ERROR;
				CLANG_WARN_DOCUMENTATION_COMMENTS = YES;
				CLANG_WARN_EMPTY_BODY = YES;
				CLANG_WARN_ENUM_CONVERSION = YES;
				CLANG_WARN_INFINITE_RECURSION = YES;
				CLANG_WARN_INT_CONVERSION = YES;
				CLANG_WARN_NON_LITERAL_NULL_CONVERSION = YES;
				CLANG_WARN_OBJC_IMPLICIT_RETAIN_SELF = YES;
				CLANG_WARN_OBJC_LITERAL_CONVERSION = YES;
				CLANG_WARN_OBJC_ROOT_CLASS = YES_ERROR;
				CLANG_WARN_QUOTED_INCLUDE_IN_FRAMEWORK_HEADER = YES;
				CLANG_WARN_RANGE_LOOP_ANALYSIS = YES;
				CLANG_WARN_STRICT_PROTOTYPES = YES;
				CLANG_WARN_SUSPICIOUS_MOVE = YES;
				CLANG_WARN_UNGUARDED_AVAILABILITY = YES_AGGRESSIVE;
				CLANG_WARN_UNREACHABLE_CODE = YES;
				CLANG_WARN__DUPLICATE_METHOD_MATCH = YES;
				COPY_PHASE_STRIP = NO;
				DEBUG_INFORMATION_FORMAT = "dwarf-with-dsym";
				ENABLE_NS_ASSERTIONS = NO;
				ENABLE_STRICT_OBJC_MSGSEND = YES;
				ENABLE_USER_SCRIPT_SANDBOXING = YES;
				GCC_C_LANGUAGE_STANDARD = gnu17;
				GCC_NO_COMMON_BLOCKS = YES;
				GCC_WARN_64_TO_32_BIT_CONVERSION = YES;
				GCC_WARN_ABOUT_RETURN_TYPE = YES_ERROR;
				GCC_WARN_UNDECLARED_SELECTOR = YES;
				GCC_WARN_UNINITIALIZED_AUTOS = YES_AGGRESSIVE;
				GCC_WARN_UNUSED_FUNCTION = YES;
				GCC_WARN_UNUSED_VARIABLE = YES;
				IPHONEOS_DEPLOYMENT_TARGET = 17.0;
				LOCALIZATION_PREFERS_STRING_CATALOGS = YES;
				MTL_ENABLE_DEBUG_INFO = NO;
				MTL_FAST_MATH = YES;
				SDKROOT = iphoneos;
				SWIFT_COMPILATION_MODE = wholemodule;
				VALIDATE_PRODUCT = YES;
			};
			name = Release;
		};
		A76648B72B595E3800E10C6F /* Debug */ = {
			isa = XCBuildConfiguration;
			buildSettings = {
				ASSETCATALOG_COMPILER_APPICON_NAME = AppIcon;
				ASSETCATALOG_COMPILER_GLOBAL_ACCENT_COLOR_NAME = AccentColor;
				CODE_SIGN_STYLE = Automatic;
				CURRENT_PROJECT_VERSION = 1;
				GENERATE_INFOPLIST_FILE = YES;
				INFOPLIST_FILE = HWgesturegame/Info.plist;
				INFOPLIST_KEY_UIApplicationSupportsIndirectInputEvents = YES;
				INFOPLIST_KEY_UILaunchStoryboardName = LaunchScreen;
				INFOPLIST_KEY_UISupportedInterfaceOrientations_iPad = "UIInterfaceOrientationPortrait UIInterfaceOrientationPortraitUpsideDown UIInterfaceOrientationLandscapeLeft UIInterfaceOrientationLandscapeRight";
				INFOPLIST_KEY_UISupportedInterfaceOrientations_iPhone = "UIInterfaceOrientationPortrait UIInterfaceOrientationLandscapeLeft UIInterfaceOrientationLandscapeRight";
				LD_RUNPATH_SEARCH_PATHS = (
					"$(inherited)",
					"@executable_path/Frameworks",
				);
				MARKETING_VERSION = 1.0;
				PRODUCT_BUNDLE_IDENTIFIER = tms.HWgesturegame;
				PRODUCT_NAME = "$(TARGET_NAME)";
				SWIFT_EMIT_LOC_STRINGS = YES;
				SWIFT_VERSION = 5.0;
				TARGETED_DEVICE_FAMILY = "1,2";
			};
			name = Debug;
		};
		A76648B82B595E3800E10C6F /* Release */ = {
			isa = XCBuildConfiguration;
			buildSettings = {
				ASSETCATALOG_COMPILER_APPICON_NAME = AppIcon;
				ASSETCATALOG_COMPILER_GLOBAL_ACCENT_COLOR_NAME = AccentColor;
				CODE_SIGN_STYLE = Automatic;
				CURRENT_PROJECT_VERSION = 1;
				GENERATE_INFOPLIST_FILE = YES;
				INFOPLIST_FILE = HWgesturegame/Info.plist;
				INFOPLIST_KEY_UIApplicationSupportsIndirectInputEvents = YES;
				INFOPLIST_KEY_UILaunchStoryboardName = LaunchScreen;
				INFOPLIST_KEY_UISupportedInterfaceOrientations_iPad = "UIInterfaceOrientationPortrait UIInterfaceOrientationPortraitUpsideDown UIInterfaceOrientationLandscapeLeft UIInterfaceOrientationLandscapeRight";
				INFOPLIST_KEY_UISupportedInterfaceOrientations_iPhone = "UIInterfaceOrientationPortrait UIInterfaceOrientationLandscapeLeft UIInterfaceOrientationLandscapeRight";
				LD_RUNPATH_SEARCH_PATHS = (
					"$(inherited)",
					"@executable_path/Frameworks",
				);
				MARKETING_VERSION = 1.0;
				PRODUCT_BUNDLE_IDENTIFIER = tms.HWgesturegame;
				PRODUCT_NAME = "$(TARGET_NAME)";
				SWIFT_EMIT_LOC_STRINGS = YES;
				SWIFT_VERSION = 5.0;
				TARGETED_DEVICE_FAMILY = "1,2";
			};
			name = Release;
		};
		A76648BA2B595E3800E10C6F /* Debug */ = {
			isa = XCBuildConfiguration;
			buildSettings = {
				ALWAYS_EMBED_SWIFT_STANDARD_LIBRARIES = YES;
				BUNDLE_LOADER = "$(TEST_HOST)";
				CODE_SIGN_STYLE = Automatic;
				CURRENT_PROJECT_VERSION = 1;
				GENERATE_INFOPLIST_FILE = YES;
				IPHONEOS_DEPLOYMENT_TARGET = 17.0;
				MARKETING_VERSION = 1.0;
				PRODUCT_BUNDLE_IDENTIFIER = tms.HWgesturegameTests;
				PRODUCT_NAME = "$(TARGET_NAME)";
				SWIFT_EMIT_LOC_STRINGS = NO;
				SWIFT_VERSION = 5.0;
				TARGETED_DEVICE_FAMILY = "1,2";
				TEST_HOST = "$(BUILT_PRODUCTS_DIR)/HWgesturegame.app/$(BUNDLE_EXECUTABLE_FOLDER_PATH)/HWgesturegame";
			};
			name = Debug;
		};
		A76648BB2B595E3800E10C6F /* Release */ = {
			isa = XCBuildConfiguration;
			buildSettings = {
				ALWAYS_EMBED_SWIFT_STANDARD_LIBRARIES = YES;
				BUNDLE_LOADER = "$(TEST_HOST)";
				CODE_SIGN_STYLE = Automatic;
				CURRENT_PROJECT_VERSION = 1;
				GENERATE_INFOPLIST_FILE = YES;
				IPHONEOS_DEPLOYMENT_TARGET = 17.0;
				MARKETING_VERSION = 1.0;
				PRODUCT_BUNDLE_IDENTIFIER = tms.HWgesturegameTests;
				PRODUCT_NAME = "$(TARGET_NAME)";
				SWIFT_EMIT_LOC_STRINGS = NO;
				SWIFT_VERSION = 5.0;
				TARGETED_DEVICE_FAMILY = "1,2";
				TEST_HOST = "$(BUILT_PRODUCTS_DIR)/HWgesturegame.app/$(BUNDLE_EXECUTABLE_FOLDER_PATH)/HWgesturegame";
			};
			name = Release;
		};
		A76648BD2B595E3800E10C6F /* Debug */ = {
			isa = XCBuildConfiguration;
			buildSettings = {
				ALWAYS_EMBED_SWIFT_STANDARD_LIBRARIES = YES;
				CODE_SIGN_STYLE = Automatic;
				CURRENT_PROJECT_VERSION = 1;
				GENERATE_INFOPLIST_FILE = YES;
				MARKETING_VERSION = 1.0;
				PRODUCT_BUNDLE_IDENTIFIER = tms.HWgesturegameUITests;
				PRODUCT_NAME = "$(TARGET_NAME)";
				SWIFT_EMIT_LOC_STRINGS = NO;
				SWIFT_VERSION = 5.0;
				TARGETED_DEVICE_FAMILY = "1,2";
				TEST_TARGET_NAME = HWgesturegame;
			};
			name = Debug;
		};
		A76648BE2B595E3800E10C6F /* Release */ = {
			isa = XCBuildConfiguration;
			buildSettings = {
				ALWAYS_EMBED_SWIFT_STANDARD_LIBRARIES = YES;
				CODE_SIGN_STYLE = Automatic;
				CURRENT_PROJECT_VERSION = 1;
				GENERATE_INFOPLIST_FILE = YES;
				MARKETING_VERSION = 1.0;
				PRODUCT_BUNDLE_IDENTIFIER = tms.HWgesturegameUITests;
				PRODUCT_NAME = "$(TARGET_NAME)";
				SWIFT_EMIT_LOC_STRINGS = NO;
				SWIFT_VERSION = 5.0;
				TARGETED_DEVICE_FAMILY = "1,2";
				TEST_TARGET_NAME = HWgesturegame;
			};
			name = Release;
		};
/* End XCBuildConfiguration section */

/* Begin XCConfigurationList section */
		A76648872B595E3700E10C6F /* Build configuration list for PBXProject "HWgesturegame" */ = {
			isa = XCConfigurationList;
			buildConfigurations = (
				A76648B42B595E3800E10C6F /* Debug */,
				A76648B52B595E3800E10C6F /* Release */,
			);
			defaultConfigurationIsVisible = 0;
			defaultConfigurationName = Release;
		};
		A76648B62B595E3800E10C6F /* Build configuration list for PBXNativeTarget "HWgesturegame" */ = {
			isa = XCConfigurationList;
			buildConfigurations = (
				A76648B72B595E3800E10C6F /* Debug */,
				A76648B82B595E3800E10C6F /* Release */,
			);
			defaultConfigurationIsVisible = 0;
			defaultConfigurationName = Release;
		};
		A76648B92B595E3800E10C6F /* Build configuration list for PBXNativeTarget "HWgesturegameTests" */ = {
			isa = XCConfigurationList;
			buildConfigurations = (
				A76648BA2B595E3800E10C6F /* Debug */,
				A76648BB2B595E3800E10C6F /* Release */,
			);
			defaultConfigurationIsVisible = 0;
			defaultConfigurationName = Release;
		};
		A76648BC2B595E3800E10C6F /* Build configuration list for PBXNativeTarget "HWgesturegameUITests" */ = {
			isa = XCConfigurationList;
			buildConfigurations = (
				A76648BD2B595E3800E10C6F /* Debug */,
				A76648BE2B595E3800E10C6F /* Release */,
			);
			defaultConfigurationIsVisible = 0;
			defaultConfigurationName = Release;
		};
/* End XCConfigurationList section */
	};
	rootObject = A76648842B595E3700E10C6F /* Project object */;
}
